
Microsoft Visual Studio Solution File, Format Version 12.00
# Visual Studio Version 16
VisualStudioVersion = 16.0.32002.261
MinimumVisualStudioVersion = 10.0.40219.1
Project("{FAE04EC0-301F-11D3-BF4B-00C04F79EFBC}") = "StudentAPI", "StudentAPI\StudentAPI.csproj", "{B3480405-18BD-4742-870A-52C578DDFF4B}"
EndProject
Global
	GlobalSection(SolutionConfigurationPlatforms) = preSolution
		Debug|Any CPU = Debug|Any CPU
		Release|Any CPU = Release|Any CPU
	EndGlobalSection
	GlobalSection(ProjectConfigurationPlatforms) = postSolution
		{B3480405-18BD-4742-870A-52C578DDFF4B}.Debug|Any CPU.ActiveCfg = Debug|Any CPU
		{B3480405-18BD-4742-870A-52C578DDFF4B}.Debug|Any CPU.Build.0 = Debug|Any CPU
		{B3480405-18BD-4742-870A-52C578DDFF4B}.Release|Any CPU.ActiveCfg = Release|Any CPU
		{B3480405-18BD-4742-870A-52C578DDFF4B}.Release|Any CPU.Build.0 = Release|Any CPU
	EndGlobalSection
	GlobalSection(SolutionProperties) = preSolution
		HideSolutionNode = FALSE
	EndGlobalSection
	GlobalSection(ExtensibilityGlobals) = postSolution
		SolutionGuid = {740B655A-407A-40B2-AF33-AA1F1FA37331}
	EndGlobalSection
EndGlobal
